{
  "nodes": {
    "atf-src": {
      "flake": false,
      "locked": {
        "lastModified": 1781125164,
        "narHash": "sha256-gbWDRy5ZngyELjBzPEd7dU84Apt+Nl8OkCZN74FTS90=",
        "owner": "ARM-software",
        "repo": "arm-trusted-firmware",
        "rev": "ee2f5959c087bc836cb08c49719be584f17d1116",
        "type": "github"
      },
      "original": {
        "owner": "ARM-software",
        "repo": "arm-trusted-firmware",
        "type": "github"
      }
    },
    "nixpkgs": {
      "locked": {
        "lastModified": 1781426636,
        "narHash": "sha256-GKbrQg+Bv5cMxIstZnYLY4bXNfyE0lXSqbLODmYOy0M=",
        "owner": "nixos",
        "repo": "nixpkgs",
        "rev": "9bf2e56a653c4136a6ba2c392858598ac8755eaa",
        "type": "github"
      },
      "original": {
        "owner": "nixos",
        "repo": "nixpkgs",
        "type": "github"
      }
    },
    "optee-src": {
      "flake": false,
      "locked": {
        "lastModified": 1781163115,
        "narHash": "sha256-nRhaLT689z/ydoV8SFxXETdgj/vWWg53J/1PVOfmcn4=",
        "owner": "OP-TEE",
        "repo": "optee_os",
        "rev": "40b5e2035680207bd81b3bc4f9f0cdd4d14ea62a",
        "type": "github"
      },
      "original": {
        "owner": "OP-TEE",
        "repo": "optee_os",
        "type": "github"
      }
    },
    "rkbin-src": {
      "flake": false,
      "locked": {
        "lastModified": 1767094867,
        "narHash": "sha256-U8d2cH6/TSXfBnLhh141A9wP/t6prFgwYMvwgXBf4vc=",
        "owner": "rockchip-linux",
        "repo": "rkbin",
        "rev": "ecb4fcbe954edf38b3ae037d5de6d9f5bccf81f4",
        "type": "github"
      },
      "original": {
        "owner": "rockchip-linux",
        "repo": "rkbin",
        "type": "github"
      }
    },
    "root": {
      "inputs": {
        "atf-src": "atf-src",
        "nixpkgs": "nixpkgs",
        "optee-src": "optee-src",
        "rkbin-src": "rkbin-src",
        "u-boot-src": "u-boot-src"
      }
    },
    "u-boot-src": {
      "flake": false,
      "locked": {
        "lastModified": 1775498358,
        "narHash": "sha256-LobC22bYpHVGZd5G8IugfcmHacVaHH0aNe3zQG7LJv0=",
        "owner": "u-boot",
        "repo": "u-boot",
        "rev": "88dc2788777babfd6322fa655df549a019aa1e69",
        "type": "github"
      },
      "original": {
        "owner": "u-boot",
        "ref": "refs/tags/v2026.04",
        "repo": "u-boot",
        "type": "github"
      }
    }
  },
  "root": "root",
  "version": 7
}
