{
  "nodes": {
    "flake-utils": {
      "inputs": {
        "systems": "systems"
      },
      "locked": {
        "lastModified": 1731533236,
        "narHash": "sha256-l0KFg5HjrsfsO/JpG+r7fRrqm12kzFHyUHqHCVpMMbI=",
        "owner": "numtide",
        "repo": "flake-utils",
        "rev": "11707dc2f618dd54ca8739b309ec4fc024de578b",
        "type": "github"
      },
      "original": {
        "owner": "numtide",
        "repo": "flake-utils",
        "type": "github"
      }
    },
    "nixpkgs": {
      "locked": {
        "lastModified": 1784485722,
        "narHash": "sha256-1suVCVdZio3Dzf/DXd9WhlWHC2e1rNz8A88MYlilGx4=",
        "owner": "nixos",
        "repo": "nixpkgs",
        "rev": "b42cdf5843a142509c177ccc90068725b725af94",
        "type": "github"
      },
      "original": {
        "owner": "nixos",
        "repo": "nixpkgs",
        "type": "github"
      }
    },
    "root": {
      "inputs": {
        "flake-utils": "flake-utils",
        "nixpkgs": "nixpkgs",
        "vacuumtube-src": "vacuumtube-src"
      }
    },
    "systems": {
      "locked": {
        "lastModified": 1681028828,
        "narHash": "sha256-Vy1rq5AaRuLzOxct8nz4T6wlgyUR7zLU309k9mBC768=",
        "owner": "nix-systems",
        "repo": "default",
        "rev": "da67096a3b9bf56a91d16901293e51ba5b49a27e",
        "type": "github"
      },
      "original": {
        "owner": "nix-systems",
        "repo": "default",
        "type": "github"
      }
    },
    "vacuumtube-src": {
      "flake": false,
      "locked": {
        "lastModified": 1783726065,
        "narHash": "sha256-pgkbUNFtFbdT/+2rMkxuCwRu43TSGZNyMFX/Ks6I0Bg=",
        "owner": "shy1132",
        "repo": "VacuumTube",
        "rev": "a245ebdaf73722f2159efcae8a17e42729a55a09",
        "type": "github"
      },
      "original": {
        "owner": "shy1132",
        "repo": "VacuumTube",
        "type": "github"
      }
    }
  },
  "root": "root",
  "version": 7
}
