{
  "nodes": {
    "flake-utils": {
      "inputs": {
        "systems": "systems"
      },
      "locked": {
        "lastModified": 1731533236,
        "narHash": "sha256-l0KFg5HjrsfsO/JpG+r7fRrqm12kzFHyUHqHCVpMMbI=",
        "owner": "numtide",
        "repo": "flake-utils",
        "rev": "11707dc2f618dd54ca8739b309ec4fc024de578b",
        "type": "github"
      },
      "original": {
        "owner": "numtide",
        "repo": "flake-utils",
        "type": "github"
      }
    },
    "libplacebo-src": {
      "flake": false,
      "locked": {
        "lastModified": 1733161488,
        "narHash": "sha256-FESy3Bi967H43MG1472HYKaiNwOk6GnmXKCyT25SIFs=",
        "ref": "refs/heads/master",
        "rev": "056b852018db04aa2ebc0982e27713afcea8106b",
        "revCount": 3602,
        "submodules": true,
        "type": "git",
        "url": "https://github.com/haasn/libplacebo"
      },
      "original": {
        "submodules": true,
        "type": "git",
        "url": "https://github.com/haasn/libplacebo"
      }
    },
    "mpv-src": {
      "flake": false,
      "locked": {
        "lastModified": 1739573299,
        "narHash": "sha256-hyagBvJZt5bXvXxqnzzqvrkCC0KuAlZe0xurxC0cv+0=",
        "owner": "mpv-player",
        "repo": "mpv",
        "rev": "834f99e469b22f7abd83a3c6d476c4c7d7e26023",
        "type": "github"
      },
      "original": {
        "owner": "mpv-player",
        "repo": "mpv",
        "type": "github"
      }
    },
    "nixpkgs": {
      "locked": {
        "lastModified": 1739625653,
        "narHash": "sha256-43aP2XlVMLfstQJxaFl8oRg/xOgRgHruWjKsEEGO5Yc=",
        "owner": "nixos",
        "repo": "nixpkgs",
        "rev": "c5d5bdbf2b12d821b40451e36980a4dd4d3aba46",
        "type": "github"
      },
      "original": {
        "owner": "nixos",
        "repo": "nixpkgs",
        "type": "github"
      }
    },
    "root": {
      "inputs": {
        "flake-utils": "flake-utils",
        "libplacebo-src": "libplacebo-src",
        "mpv-src": "mpv-src",
        "nixpkgs": "nixpkgs",
        "wayland-protocols-src": "wayland-protocols-src",
        "yt-dlp-src": "yt-dlp-src"
      }
    },
    "systems": {
      "locked": {
        "lastModified": 1681028828,
        "narHash": "sha256-Vy1rq5AaRuLzOxct8nz4T6wlgyUR7zLU309k9mBC768=",
        "owner": "nix-systems",
        "repo": "default",
        "rev": "da67096a3b9bf56a91d16901293e51ba5b49a27e",
        "type": "github"
      },
      "original": {
        "owner": "nix-systems",
        "repo": "default",
        "type": "github"
      }
    },
    "wayland-protocols-src": {
      "flake": false,
      "locked": {
        "lastModified": 1739453253,
        "narHash": "sha256-RJdzDu+puhmAxF1+uBuov2zZR2ZEFoFCDXPk2EtkeJc=",
        "ref": "refs/heads/main",
        "rev": "b3e507b102efe0484ee0939062ecb3a5f06e0918",
        "revCount": 432,
        "type": "git",
        "url": "https://gitlab.freedesktop.org/wayland/wayland-protocols.git"
      },
      "original": {
        "type": "git",
        "url": "https://gitlab.freedesktop.org/wayland/wayland-protocols.git"
      }
    },
    "yt-dlp-src": {
      "flake": false,
      "locked": {
        "lastModified": 1739309545,
        "narHash": "sha256-NzyfQrtMNWIf/A/KnhEFhJeoPWTx38/CMzuf4ALpB8U=",
        "owner": "yt-dlp",
        "repo": "yt-dlp",
        "rev": "6ca23ffaa4663cb552f937f0b1e9769b66db11bd",
        "type": "github"
      },
      "original": {
        "owner": "yt-dlp",
        "repo": "yt-dlp",
        "type": "github"
      }
    }
  },
  "root": "root",
  "version": 7
}
