{
  "nodes": {
    "flake-utils": {
      "inputs": {
        "systems": "systems"
      },
      "locked": {
        "lastModified": 1731533236,
        "narHash": "sha256-l0KFg5HjrsfsO/JpG+r7fRrqm12kzFHyUHqHCVpMMbI=",
        "owner": "numtide",
        "repo": "flake-utils",
        "rev": "11707dc2f618dd54ca8739b309ec4fc024de578b",
        "type": "github"
      },
      "original": {
        "owner": "numtide",
        "repo": "flake-utils",
        "type": "github"
      }
    },
    "libplacebo-src": {
      "flake": false,
      "locked": {
        "lastModified": 1786546340,
        "narHash": "sha256-G6Xpiy4fc/Bx59pvLIoR3UP5c5uBKdimKbI6a+jpsAU=",
        "ref": "refs/heads/master",
        "rev": "22ee762e8e0890fc54068beb670310f0edce7263",
        "revCount": 3915,
        "submodules": true,
        "type": "git",
        "url": "https://github.com/haasn/libplacebo"
      },
      "original": {
        "submodules": true,
        "type": "git",
        "url": "https://github.com/haasn/libplacebo"
      }
    },
    "mpv-src": {
      "flake": false,
      "locked": {
        "lastModified": 1786989433,
        "narHash": "sha256-3wXUjKEu4yBmAvSXqaoFWupXxmsgiPGv5WXXh7bof/I=",
        "owner": "mpv-player",
        "repo": "mpv",
        "rev": "e7191f2a65d64af266c5c80793e79d2f4b92b789",
        "type": "github"
      },
      "original": {
        "owner": "mpv-player",
        "repo": "mpv",
        "type": "github"
      }
    },
    "nixpkgs": {
      "locked": {
        "lastModified": 1787044138,
        "narHash": "sha256-ACGXPXT+4idU0m63hGmA/+qY2UOcYL1dHW+SbIxV8gw=",
        "owner": "nixos",
        "repo": "nixpkgs",
        "rev": "a498bc2aeac8fa24849023affb23d3bfab955ec6",
        "type": "github"
      },
      "original": {
        "owner": "nixos",
        "repo": "nixpkgs",
        "type": "github"
      }
    },
    "root": {
      "inputs": {
        "flake-utils": "flake-utils",
        "libplacebo-src": "libplacebo-src",
        "mpv-src": "mpv-src",
        "nixpkgs": "nixpkgs",
        "wayland-protocols-src": "wayland-protocols-src",
        "yt-dlp-ejs-src": "yt-dlp-ejs-src",
        "yt-dlp-src": "yt-dlp-src"
      }
    },
    "systems": {
      "locked": {
        "lastModified": 1681028828,
        "narHash": "sha256-Vy1rq5AaRuLzOxct8nz4T6wlgyUR7zLU309k9mBC768=",
        "owner": "nix-systems",
        "repo": "default",
        "rev": "da67096a3b9bf56a91d16901293e51ba5b49a27e",
        "type": "github"
      },
      "original": {
        "owner": "nix-systems",
        "repo": "default",
        "type": "github"
      }
    },
    "wayland-protocols-src": {
      "flake": false,
      "locked": {
        "lastModified": 1782207033,
        "narHash": "sha256-EgUVZoH2V9suDICELRgrjNi7NqCRu9LjxDSE3VNgSz0=",
        "ref": "refs/heads/main",
        "rev": "afb614d5fcbd02d261a6ae91920aa91cf3915a8a",
        "revCount": 557,
        "type": "git",
        "url": "https://gitlab.freedesktop.org/wayland/wayland-protocols.git"
      },
      "original": {
        "type": "git",
        "url": "https://gitlab.freedesktop.org/wayland/wayland-protocols.git"
      }
    },
    "yt-dlp-ejs-src": {
      "flake": false,
      "locked": {
        "lastModified": 1762466945,
        "narHash": "sha256-PoZ7qmrf8en254im2D7fWy9jYiaJwFpq6ZXZP9ouOOQ=",
        "owner": "yt-dlp",
        "repo": "ejs",
        "rev": "4b4ac2b896d32e7f74e9135e1c35cbf6f0739a4c",
        "type": "github"
      },
      "original": {
        "owner": "yt-dlp",
        "ref": "refs/tags/0.3.1",
        "repo": "ejs",
        "type": "github"
      }
    },
    "yt-dlp-src": {
      "flake": false,
      "locked": {
        "lastModified": 1786952272,
        "narHash": "sha256-suCz+O7d6DT4ocU/et4gOfhePNaD8mrGEpbfKEOrjr4=",
        "owner": "yt-dlp",
        "repo": "yt-dlp",
        "rev": "f1896c57f5ba4b92741bb509790837d6838ec99e",
        "type": "github"
      },
      "original": {
        "owner": "yt-dlp",
        "repo": "yt-dlp",
        "type": "github"
      }
    }
  },
  "root": "root",
  "version": 7
}
