{
  "nodes": {
    "flake-utils": {
      "inputs": {
        "systems": "systems"
      },
      "locked": {
        "lastModified": 1731533236,
        "narHash": "sha256-l0KFg5HjrsfsO/JpG+r7fRrqm12kzFHyUHqHCVpMMbI=",
        "owner": "numtide",
        "repo": "flake-utils",
        "rev": "11707dc2f618dd54ca8739b309ec4fc024de578b",
        "type": "github"
      },
      "original": {
        "owner": "numtide",
        "repo": "flake-utils",
        "type": "github"
      }
    },
    "libplacebo-src": {
      "flake": false,
      "locked": {
        "lastModified": 1759084082,
        "narHash": "sha256-9qBy+R7VCghAaVGC3srOPLlxAMAe1KGbW/62lG06NO8=",
        "ref": "refs/heads/master",
        "rev": "36029d2e161fdae1a9be72989af067a9931170c6",
        "revCount": 3726,
        "submodules": true,
        "type": "git",
        "url": "https://github.com/haasn/libplacebo"
      },
      "original": {
        "submodules": true,
        "type": "git",
        "url": "https://github.com/haasn/libplacebo"
      }
    },
    "mpv-src": {
      "flake": false,
      "locked": {
        "lastModified": 1759187256,
        "narHash": "sha256-HriK61jLwFWfrnhHxYJViocJLQlhYN0ndLNJwtAqTaU=",
        "owner": "mpv-player",
        "repo": "mpv",
        "rev": "05656cdae754b22a1f2022653abf1de8a9e02c97",
        "type": "github"
      },
      "original": {
        "owner": "mpv-player",
        "repo": "mpv",
        "type": "github"
      }
    },
    "nixpkgs": {
      "locked": {
        "lastModified": 1759214194,
        "narHash": "sha256-j5GygnQAXD63bQKQdDlp3T67Lm6iPXYmB97wsu8f3yQ=",
        "owner": "nixos",
        "repo": "nixpkgs",
        "rev": "9f6b7f50856951937b22ec928216662962a4dd04",
        "type": "github"
      },
      "original": {
        "owner": "nixos",
        "repo": "nixpkgs",
        "type": "github"
      }
    },
    "root": {
      "inputs": {
        "flake-utils": "flake-utils",
        "libplacebo-src": "libplacebo-src",
        "mpv-src": "mpv-src",
        "nixpkgs": "nixpkgs",
        "wayland-protocols-src": "wayland-protocols-src",
        "yt-dlp-src": "yt-dlp-src"
      }
    },
    "systems": {
      "locked": {
        "lastModified": 1681028828,
        "narHash": "sha256-Vy1rq5AaRuLzOxct8nz4T6wlgyUR7zLU309k9mBC768=",
        "owner": "nix-systems",
        "repo": "default",
        "rev": "da67096a3b9bf56a91d16901293e51ba5b49a27e",
        "type": "github"
      },
      "original": {
        "owner": "nix-systems",
        "repo": "default",
        "type": "github"
      }
    },
    "wayland-protocols-src": {
      "flake": false,
      "locked": {
        "lastModified": 1756726732,
        "narHash": "sha256-xzmMal4wQx52S4CGOECFutYewOKBZRNASDASSZYaZag=",
        "ref": "refs/heads/main",
        "rev": "fff667c829b067500a5a3bf84e7bae1bb293d3aa",
        "revCount": 476,
        "type": "git",
        "url": "https://gitlab.freedesktop.org/wayland/wayland-protocols.git"
      },
      "original": {
        "type": "git",
        "url": "https://gitlab.freedesktop.org/wayland/wayland-protocols.git"
      }
    },
    "yt-dlp-src": {
      "flake": false,
      "locked": {
        "lastModified": 1759116309,
        "narHash": "sha256-1x44tnkHN+KQpvwrm+t61eNm7e2+El1IPHvgBYPufDI=",
        "owner": "yt-dlp",
        "repo": "yt-dlp",
        "rev": "bd5ed90419eea18adfb2f0d8efa9d22b2029119f",
        "type": "github"
      },
      "original": {
        "owner": "yt-dlp",
        "repo": "yt-dlp",
        "type": "github"
      }
    }
  },
  "root": "root",
  "version": 7
}
