{
  "nodes": {
    "flake-utils": {
      "inputs": {
        "systems": "systems"
      },
      "locked": {
        "lastModified": 1731533236,
        "narHash": "sha256-l0KFg5HjrsfsO/JpG+r7fRrqm12kzFHyUHqHCVpMMbI=",
        "owner": "numtide",
        "repo": "flake-utils",
        "rev": "11707dc2f618dd54ca8739b309ec4fc024de578b",
        "type": "github"
      },
      "original": {
        "owner": "numtide",
        "repo": "flake-utils",
        "type": "github"
      }
    },
    "nixpkgs": {
      "locked": {
        "lastModified": 1752676699,
        "narHash": "sha256-/HBC8KUvpB3NV3NdhKkawv5Px7s9z3Qi++YaCjWuhP0=",
        "owner": "nixos",
        "repo": "nixpkgs",
        "rev": "1f2e37ed67311abdb07ed389d32d9b48ae6742cf",
        "type": "github"
      },
      "original": {
        "owner": "nixos",
        "repo": "nixpkgs",
        "type": "github"
      }
    },
    "qmassa-src": {
      "flake": false,
      "locked": {
        "lastModified": 1751174963,
        "narHash": "sha256-CdemFbHSii1tBV149lgiP/QCk7wX2vHmZS7SKffQ7po=",
        "owner": "ulissesf",
        "repo": "qmassa",
        "rev": "a2881904ab9499aaad0acb0f0e972b68c76500e1",
        "type": "github"
      },
      "original": {
        "owner": "ulissesf",
        "repo": "qmassa",
        "type": "github"
      }
    },
    "root": {
      "inputs": {
        "flake-utils": "flake-utils",
        "nixpkgs": "nixpkgs",
        "qmassa-src": "qmassa-src"
      }
    },
    "systems": {
      "locked": {
        "lastModified": 1681028828,
        "narHash": "sha256-Vy1rq5AaRuLzOxct8nz4T6wlgyUR7zLU309k9mBC768=",
        "owner": "nix-systems",
        "repo": "default",
        "rev": "da67096a3b9bf56a91d16901293e51ba5b49a27e",
        "type": "github"
      },
      "original": {
        "owner": "nix-systems",
        "repo": "default",
        "type": "github"
      }
    }
  },
  "root": "root",
  "version": 7
}
