{
  "nodes": {
    "flake-utils": {
      "inputs": {
        "systems": "systems"
      },
      "locked": {
        "lastModified": 1710146030,
        "narHash": "sha256-SZ5L6eA7HJ/nmkzGG7/ISclqe6oZdOZTNoesiInkXPQ=",
        "owner": "numtide",
        "repo": "flake-utils",
        "rev": "b1d9ab70662946ef0850d488da1c9019f3a9752a",
        "type": "github"
      },
      "original": {
        "owner": "numtide",
        "repo": "flake-utils",
        "type": "github"
      }
    },
    "gta3-src": {
      "flake": false,
      "locked": {
        "lastModified": 1642157737,
        "narHash": "sha256-/6VRXYT0fA7PitwK4GecpHPQiuLjDpMURfGUmjz8r0k=",
        "ref": "refs/heads/master",
        "rev": "310dd8637147c4db643107b69d603902abc78141",
        "revCount": 3169,
        "submodules": true,
        "type": "git",
        "url": "https://github.com/halpz/re3"
      },
      "original": {
        "submodules": true,
        "type": "git",
        "url": "https://github.com/halpz/re3"
      }
    },
    "nixpkgs": {
      "locked": {
        "lastModified": 1724691153,
        "narHash": "sha256-eWPRhbOTX3haZcqQ/Fk69kLYUUYxQXz31iZLhLBFAjQ=",
        "owner": "nixos",
        "repo": "nixpkgs",
        "rev": "e8788303bb8051fe139eeb0b8721a0af5f34b192",
        "type": "github"
      },
      "original": {
        "owner": "nixos",
        "repo": "nixpkgs",
        "type": "github"
      }
    },
    "root": {
      "inputs": {
        "flake-utils": "flake-utils",
        "gta3-src": "gta3-src",
        "nixpkgs": "nixpkgs",
        "vc-src": "vc-src"
      }
    },
    "systems": {
      "locked": {
        "lastModified": 1681028828,
        "narHash": "sha256-Vy1rq5AaRuLzOxct8nz4T6wlgyUR7zLU309k9mBC768=",
        "owner": "nix-systems",
        "repo": "default",
        "rev": "da67096a3b9bf56a91d16901293e51ba5b49a27e",
        "type": "github"
      },
      "original": {
        "owner": "nix-systems",
        "repo": "default",
        "type": "github"
      }
    },
    "vc-src": {
      "flake": false,
      "locked": {
        "lastModified": 1700067283,
        "narHash": "sha256-PxibZrB9dzGfoJRwdw3XFgoNjwd4njb0Z5PlVYz5ANo=",
        "ref": "miami",
        "rev": "37e9ec0d19cbd3cd25823089380fcdae558bee0b",
        "revCount": 5089,
        "submodules": true,
        "type": "git",
        "url": "https://github.com/halpz/re3"
      },
      "original": {
        "ref": "miami",
        "submodules": true,
        "type": "git",
        "url": "https://github.com/halpz/re3"
      }
    }
  },
  "root": "root",
  "version": 7
}
