{
  "nodes": {
    "deutex-src": {
      "flake": false,
      "locked": {
        "lastModified": 1739910537,
        "narHash": "sha256-wDAlwOtupkYv6y4fQPwL/PVOhh7wqORnjxV22kmON+U=",
        "owner": "Doom-Utils",
        "repo": "deutex",
        "rev": "870ca04ec16f39b474a7bebe900faf53d36a8d6d",
        "type": "github"
      },
      "original": {
        "owner": "Doom-Utils",
        "repo": "deutex",
        "type": "github"
      }
    },
    "dsda-src": {
      "flake": false,
      "locked": {
        "lastModified": 1786552771,
        "narHash": "sha256-xiKlWgKGDkxXO5doxgfipDXOHauLJYVVtj+uj4OEe5A=",
        "owner": "kraflab",
        "repo": "dsda-doom",
        "rev": "6f79f9f5b1f905948c625d59c756b771af608035",
        "type": "github"
      },
      "original": {
        "owner": "kraflab",
        "repo": "dsda-doom",
        "type": "github"
      }
    },
    "flake-utils": {
      "inputs": {
        "systems": "systems"
      },
      "locked": {
        "lastModified": 1731533236,
        "narHash": "sha256-l0KFg5HjrsfsO/JpG+r7fRrqm12kzFHyUHqHCVpMMbI=",
        "owner": "numtide",
        "repo": "flake-utils",
        "rev": "11707dc2f618dd54ca8739b309ec4fc024de578b",
        "type": "github"
      },
      "original": {
        "owner": "numtide",
        "repo": "flake-utils",
        "type": "github"
      }
    },
    "freedoom-src": {
      "flake": false,
      "locked": {
        "lastModified": 1782143501,
        "narHash": "sha256-HOlPse37LjrUM5WDCm/b5Rl45VCx0/6pwJv96octhX0=",
        "owner": "freedoom",
        "repo": "freedoom",
        "rev": "d14dbbee3b6fbfb2c11cdb65eb61216e86d4ee85",
        "type": "github"
      },
      "original": {
        "owner": "freedoom",
        "repo": "freedoom",
        "type": "github"
      }
    },
    "italo-zip": {
      "flake": false,
      "locked": {
        "lastModified": 1452615731,
        "narHash": "sha256-+gyb3aG1Lyx/b2LeoJ4DV/qlnSQLCasNoO/tKkDDwjg=",
        "type": "tarball",
        "url": "https://ftpmirror1.infania.net/pub/idgames/levels/doom2/Ports/megawads/italo.zip"
      },
      "original": {
        "type": "tarball",
        "url": "https://ftpmirror1.infania.net/pub/idgames/levels/doom2/Ports/megawads/italo.zip"
      }
    },
    "nixpkgs": {
      "locked": {
        "lastModified": 1786598068,
        "narHash": "sha256-aijuoRVJOcl6ffSivh4w1+pA/tGqrFd6sZWxojrbw2k=",
        "owner": "nixos",
        "repo": "nixpkgs",
        "rev": "1d2bd5d4cbb7d42f10c32e9e70abad34f08a0d05",
        "type": "github"
      },
      "original": {
        "owner": "nixos",
        "repo": "nixpkgs",
        "type": "github"
      }
    },
    "plutonia-midi-pack-zip": {
      "flake": false,
      "locked": {
        "lastModified": 1380056092,
        "narHash": "sha256-nPn1IkEj0PLFWkI3Ccm7z1MUH89YKkO5KmcTHIPi0dc=",
        "type": "tarball",
        "url": "https://ftpmirror1.infania.net/pub/idgames/music/plutmidi.zip"
      },
      "original": {
        "type": "tarball",
        "url": "https://ftpmirror1.infania.net/pub/idgames/music/plutmidi.zip"
      }
    },
    "root": {
      "inputs": {
        "deutex-src": "deutex-src",
        "dsda-src": "dsda-src",
        "flake-utils": "flake-utils",
        "freedoom-src": "freedoom-src",
        "italo-zip": "italo-zip",
        "nixpkgs": "nixpkgs",
        "plutonia-midi-pack-zip": "plutonia-midi-pack-zip",
        "sunlust-zip": "sunlust-zip"
      }
    },
    "sunlust-zip": {
      "flake": false,
      "locked": {
        "lastModified": 1439105161,
        "narHash": "sha256-C8Y7lJoYz4xOx1sEkIVbw28DtqLaN5GSwWpBgMWc0DQ=",
        "type": "tarball",
        "url": "https://ftpmirror1.infania.net/pub/idgames/levels/doom2/Ports/megawads/sunlust.zip"
      },
      "original": {
        "type": "tarball",
        "url": "https://ftpmirror1.infania.net/pub/idgames/levels/doom2/Ports/megawads/sunlust.zip"
      }
    },
    "systems": {
      "locked": {
        "lastModified": 1681028828,
        "narHash": "sha256-Vy1rq5AaRuLzOxct8nz4T6wlgyUR7zLU309k9mBC768=",
        "owner": "nix-systems",
        "repo": "default",
        "rev": "da67096a3b9bf56a91d16901293e51ba5b49a27e",
        "type": "github"
      },
      "original": {
        "owner": "nix-systems",
        "repo": "default",
        "type": "github"
      }
    }
  },
  "root": "root",
  "version": 7
}
