{
  "nodes": {
    "deutex-src": {
      "flake": false,
      "locked": {
        "lastModified": 1609665312,
        "narHash": "sha256-P7TDOCaUF4Dn9ocXsJOxXkd6MIHm1PSEZJ4iFrI5uFo=",
        "owner": "Doom-Utils",
        "repo": "deutex",
        "rev": "ef1c06a62cc0eff82ecea984f58fbbe41d8a593d",
        "type": "github"
      },
      "original": {
        "owner": "Doom-Utils",
        "repo": "deutex",
        "type": "github"
      }
    },
    "dsda-src": {
      "flake": false,
      "locked": {
        "lastModified": 1723991861,
        "narHash": "sha256-afUEyZCc9dx35x/NpO8XEBv6SZNCLKhdCjgpya95PH8=",
        "owner": "kraflab",
        "repo": "dsda-doom",
        "rev": "5683431f25896c64c9a7e787f01e033ac6e9c303",
        "type": "github"
      },
      "original": {
        "owner": "kraflab",
        "repo": "dsda-doom",
        "type": "github"
      }
    },
    "flake-utils": {
      "inputs": {
        "systems": "systems"
      },
      "locked": {
        "lastModified": 1710146030,
        "narHash": "sha256-SZ5L6eA7HJ/nmkzGG7/ISclqe6oZdOZTNoesiInkXPQ=",
        "owner": "numtide",
        "repo": "flake-utils",
        "rev": "b1d9ab70662946ef0850d488da1c9019f3a9752a",
        "type": "github"
      },
      "original": {
        "owner": "numtide",
        "repo": "flake-utils",
        "type": "github"
      }
    },
    "freedoom-src": {
      "flake": false,
      "locked": {
        "lastModified": 1723579774,
        "narHash": "sha256-bff7dS8jPJJxNOAAYm32GrWjrBgOBIPEpVIs2s3zdVQ=",
        "owner": "freedoom",
        "repo": "freedoom",
        "rev": "e3aef25ee6347ff0e7907fd8677fa45c1cc7d524",
        "type": "github"
      },
      "original": {
        "owner": "freedoom",
        "repo": "freedoom",
        "type": "github"
      }
    },
    "nixpkgs": {
      "locked": {
        "lastModified": 1724246305,
        "narHash": "sha256-d4K8GdAJ3g6lwFH4atv8Wmn9gFuJWP+rl+wiMUSvgDQ=",
        "owner": "nixos",
        "repo": "nixpkgs",
        "rev": "421c1bc38ea21893dda6804e4caea513945926a2",
        "type": "github"
      },
      "original": {
        "owner": "nixos",
        "repo": "nixpkgs",
        "type": "github"
      }
    },
    "root": {
      "inputs": {
        "deutex-src": "deutex-src",
        "dsda-src": "dsda-src",
        "flake-utils": "flake-utils",
        "freedoom-src": "freedoom-src",
        "nixpkgs": "nixpkgs",
        "soundfont": "soundfont",
        "sunlust-zip": "sunlust-zip"
      }
    },
    "soundfont": {
      "flake": false,
      "locked": {
        "narHash": "sha256-llKV2cIsD6tjVJSi5NoIKfkjab30xGQPm5avJ4fVdAs=",
        "type": "file",
        "url": "https://archive.org/download/SC55EmperorGrieferus/Roland%20SC-55%20v3.7.sf2"
      },
      "original": {
        "type": "file",
        "url": "https://archive.org/download/SC55EmperorGrieferus/Roland%20SC-55%20v3.7.sf2"
      }
    },
    "sunlust-zip": {
      "flake": false,
      "locked": {
        "lastModified": 1439105161,
        "narHash": "sha256-C8Y7lJoYz4xOx1sEkIVbw28DtqLaN5GSwWpBgMWc0DQ=",
        "type": "tarball",
        "url": "https://ftpmirror1.infania.net/pub/idgames/levels/doom2/Ports/megawads/sunlust.zip"
      },
      "original": {
        "type": "tarball",
        "url": "https://ftpmirror1.infania.net/pub/idgames/levels/doom2/Ports/megawads/sunlust.zip"
      }
    },
    "systems": {
      "locked": {
        "lastModified": 1681028828,
        "narHash": "sha256-Vy1rq5AaRuLzOxct8nz4T6wlgyUR7zLU309k9mBC768=",
        "owner": "nix-systems",
        "repo": "default",
        "rev": "da67096a3b9bf56a91d16901293e51ba5b49a27e",
        "type": "github"
      },
      "original": {
        "owner": "nix-systems",
        "repo": "default",
        "type": "github"
      }
    }
  },
  "root": "root",
  "version": 7
}
