{
  "nodes": {
    "bullet-src": {
      "flake": false,
      "locked": {
        "lastModified": 1761099194,
        "narHash": "sha256-XHDMM7b/RjCO+HkkAA9lFlFeL2cYULbk7I1pQb5CATk=",
        "owner": "bulletphysics",
        "repo": "bullet3",
        "rev": "63c4d67e337017f9d8b298c900e9aabdb69296e7",
        "type": "github"
      },
      "original": {
        "owner": "bulletphysics",
        "repo": "bullet3",
        "type": "github"
      }
    },
    "collada-src": {
      "flake": false,
      "locked": {
        "lastModified": 1578088487,
        "narHash": "sha256-A1ne/D6S0shwCzb9spd1MoSt/238HWA8dvgd+DC9cXc=",
        "owner": "rdiankov",
        "repo": "collada-dom",
        "rev": "c1e20b7d6ff806237030fe82f126cb86d661f063",
        "type": "github"
      },
      "original": {
        "owner": "rdiankov",
        "repo": "collada-dom",
        "type": "github"
      }
    },
    "flake-utils": {
      "inputs": {
        "systems": "systems"
      },
      "locked": {
        "lastModified": 1731533236,
        "narHash": "sha256-l0KFg5HjrsfsO/JpG+r7fRrqm12kzFHyUHqHCVpMMbI=",
        "owner": "numtide",
        "repo": "flake-utils",
        "rev": "11707dc2f618dd54ca8739b309ec4fc024de578b",
        "type": "github"
      },
      "original": {
        "owner": "numtide",
        "repo": "flake-utils",
        "type": "github"
      }
    },
    "mygui-src": {
      "flake": false,
      "locked": {
        "lastModified": 1754175819,
        "narHash": "sha256-RQcBzulTchUod2Mp9iI+r4DZJRBKqTqx1buvb/1Y7pY=",
        "owner": "MyGUI",
        "repo": "mygui",
        "rev": "00dc089d0c859653e2d85afee4da5664efa5eda7",
        "type": "github"
      },
      "original": {
        "owner": "MyGUI",
        "repo": "mygui",
        "type": "github"
      }
    },
    "nixpkgs": {
      "locked": {
        "lastModified": 1775122944,
        "narHash": "sha256-ZNsGK5DbLo1D3zGRTVQltVfhkQG+tpYFOHcXtofTxDc=",
        "owner": "nixos",
        "repo": "nixpkgs",
        "rev": "8d4ac3a959da88fa03784bddcb64f007f931e7d1",
        "type": "github"
      },
      "original": {
        "owner": "nixos",
        "repo": "nixpkgs",
        "type": "github"
      }
    },
    "openmw-src": {
      "flake": false,
      "locked": {
        "lastModified": 1775079334,
        "narHash": "sha256-sNaax5XMylG7RIjh4jHQNCGHMdCxoXwd8SFUrpU6uMo=",
        "owner": "OpenMW",
        "repo": "openmw",
        "rev": "aeb0522825fb6cf27999bc5d730111b4ab6167f7",
        "type": "github"
      },
      "original": {
        "owner": "OpenMW",
        "repo": "openmw",
        "type": "github"
      }
    },
    "osg-src": {
      "flake": false,
      "locked": {
        "lastModified": 1769812940,
        "narHash": "sha256-kdUKMNo61TqBuXufasuuExa3In+UUGGeTuEWfzfjxoQ=",
        "owner": "OpenMW",
        "repo": "osg",
        "rev": "8aa8d91747ff414ab0de19aae1e0dbd739acea2c",
        "type": "github"
      },
      "original": {
        "owner": "OpenMW",
        "repo": "osg",
        "type": "github"
      }
    },
    "root": {
      "inputs": {
        "bullet-src": "bullet-src",
        "collada-src": "collada-src",
        "flake-utils": "flake-utils",
        "mygui-src": "mygui-src",
        "nixpkgs": "nixpkgs",
        "openmw-src": "openmw-src",
        "osg-src": "osg-src"
      }
    },
    "systems": {
      "locked": {
        "lastModified": 1681028828,
        "narHash": "sha256-Vy1rq5AaRuLzOxct8nz4T6wlgyUR7zLU309k9mBC768=",
        "owner": "nix-systems",
        "repo": "default",
        "rev": "da67096a3b9bf56a91d16901293e51ba5b49a27e",
        "type": "github"
      },
      "original": {
        "owner": "nix-systems",
        "repo": "default",
        "type": "github"
      }
    }
  },
  "root": "root",
  "version": 7
}
