{
  "nodes": {
    "flake-utils": {
      "inputs": {
        "systems": "systems"
      },
      "locked": {
        "lastModified": 1731533236,
        "narHash": "sha256-l0KFg5HjrsfsO/JpG+r7fRrqm12kzFHyUHqHCVpMMbI=",
        "owner": "numtide",
        "repo": "flake-utils",
        "rev": "11707dc2f618dd54ca8739b309ec4fc024de578b",
        "type": "github"
      },
      "original": {
        "owner": "numtide",
        "repo": "flake-utils",
        "type": "github"
      }
    },
    "llama-src": {
      "flake": false,
      "locked": {
        "lastModified": 1786597044,
        "narHash": "sha256-rsCtGLjFWRKy8pf1hqnXTlckyR9RzRP/SwwriA6QEtU=",
        "owner": "ggml-org",
        "repo": "llama.cpp",
        "rev": "1f368f354d9edcfea9fd6a1e0989b3e7335a050f",
        "type": "github"
      },
      "original": {
        "owner": "ggml-org",
        "repo": "llama.cpp",
        "type": "github"
      }
    },
    "llama-ui-assets": {
      "flake": false,
      "locked": {
        "lastModified": 1783009419,
        "narHash": "sha256-cwzlagOYopjY35tiU2E821xdqgW5ZSClRuUp5w5c61s=",
        "type": "tarball",
        "url": "https://github.com/ggml-org/llama.cpp/releases/download/b9860/llama-b9860-ui.tar.gz"
      },
      "original": {
        "type": "tarball",
        "url": "https://github.com/ggml-org/llama.cpp/releases/download/b9860/llama-b9860-ui.tar.gz"
      }
    },
    "nixpkgs": {
      "locked": {
        "lastModified": 1786598068,
        "narHash": "sha256-aijuoRVJOcl6ffSivh4w1+pA/tGqrFd6sZWxojrbw2k=",
        "owner": "nixos",
        "repo": "nixpkgs",
        "rev": "1d2bd5d4cbb7d42f10c32e9e70abad34f08a0d05",
        "type": "github"
      },
      "original": {
        "owner": "nixos",
        "repo": "nixpkgs",
        "type": "github"
      }
    },
    "poolside-llama-src": {
      "flake": false,
      "locked": {
        "lastModified": 1784558619,
        "narHash": "sha256-Por75Kbr9e8Sx2i+BEz8aIgCnWGKW6TAuztdnVOnsjg=",
        "owner": "poolsideai",
        "repo": "llama.cpp",
        "rev": "91d2fc387529940230555abd297a8b5e99737d3f",
        "type": "github"
      },
      "original": {
        "owner": "poolsideai",
        "repo": "llama.cpp",
        "type": "github"
      }
    },
    "root": {
      "inputs": {
        "flake-utils": "flake-utils",
        "llama-src": "llama-src",
        "llama-ui-assets": "llama-ui-assets",
        "nixpkgs": "nixpkgs",
        "poolside-llama-src": "poolside-llama-src"
      }
    },
    "systems": {
      "locked": {
        "lastModified": 1681028828,
        "narHash": "sha256-Vy1rq5AaRuLzOxct8nz4T6wlgyUR7zLU309k9mBC768=",
        "owner": "nix-systems",
        "repo": "default",
        "rev": "da67096a3b9bf56a91d16901293e51ba5b49a27e",
        "type": "github"
      },
      "original": {
        "owner": "nix-systems",
        "repo": "default",
        "type": "github"
      }
    }
  },
  "root": "root",
  "version": 7
}
