{
  "nodes": {
    "flake-utils": {
      "inputs": {
        "systems": "systems"
      },
      "locked": {
        "lastModified": 1731533236,
        "narHash": "sha256-l0KFg5HjrsfsO/JpG+r7fRrqm12kzFHyUHqHCVpMMbI=",
        "owner": "numtide",
        "repo": "flake-utils",
        "rev": "11707dc2f618dd54ca8739b309ec4fc024de578b",
        "type": "github"
      },
      "original": {
        "owner": "numtide",
        "repo": "flake-utils",
        "type": "github"
      }
    },
    "nixpkgs": {
      "locked": {
        "lastModified": 1735114700,
        "narHash": "sha256-+JnA9sb/WKqsLvkWS58wl7ZZ2cneXBVRUBHKPiQkkac=",
        "owner": "nixos",
        "repo": "nixpkgs",
        "rev": "8765af2e6302225555c1e2d42b4dd687d2c88598",
        "type": "github"
      },
      "original": {
        "owner": "nixos",
        "repo": "nixpkgs",
        "type": "github"
      }
    },
    "ovmerge-src": {
      "flake": false,
      "locked": {
        "dir": "ovmerge",
        "lastModified": 1734608099,
        "narHash": "sha256-ikWkjZJkFwewe49BSdHVjlk6uMQIZHF5MiMJdhKgDVg=",
        "owner": "raspberrypi",
        "repo": "utils",
        "rev": "0c02957911da1c661be201236c4f2a2be1778b3e",
        "type": "github"
      },
      "original": {
        "dir": "ovmerge",
        "owner": "raspberrypi",
        "repo": "utils",
        "type": "github"
      }
    },
    "pinctrl-src": {
      "flake": false,
      "locked": {
        "dir": "pinctrl",
        "lastModified": 1734608099,
        "narHash": "sha256-ikWkjZJkFwewe49BSdHVjlk6uMQIZHF5MiMJdhKgDVg=",
        "owner": "raspberrypi",
        "repo": "utils",
        "rev": "0c02957911da1c661be201236c4f2a2be1778b3e",
        "type": "github"
      },
      "original": {
        "dir": "pinctrl",
        "owner": "raspberrypi",
        "repo": "utils",
        "type": "github"
      }
    },
    "root": {
      "inputs": {
        "flake-utils": "flake-utils",
        "nixpkgs": "nixpkgs",
        "ovmerge-src": "ovmerge-src",
        "pinctrl-src": "pinctrl-src"
      }
    },
    "systems": {
      "locked": {
        "lastModified": 1681028828,
        "narHash": "sha256-Vy1rq5AaRuLzOxct8nz4T6wlgyUR7zLU309k9mBC768=",
        "owner": "nix-systems",
        "repo": "default",
        "rev": "da67096a3b9bf56a91d16901293e51ba5b49a27e",
        "type": "github"
      },
      "original": {
        "owner": "nix-systems",
        "repo": "default",
        "type": "github"
      }
    }
  },
  "root": "root",
  "version": 7
}
