{
  "nodes": {
    "flake-utils": {
      "inputs": {
        "systems": "systems"
      },
      "locked": {
        "lastModified": 1710146030,
        "narHash": "sha256-SZ5L6eA7HJ/nmkzGG7/ISclqe6oZdOZTNoesiInkXPQ=",
        "owner": "numtide",
        "repo": "flake-utils",
        "rev": "b1d9ab70662946ef0850d488da1c9019f3a9752a",
        "type": "github"
      },
      "original": {
        "owner": "numtide",
        "repo": "flake-utils",
        "type": "github"
      }
    },
    "nixpkgs": {
      "locked": {
        "lastModified": 1724684795,
        "narHash": "sha256-Y0L/3OCfiD20VCgY/ZXWkijmaXGUpp1QjijZqL4aJS8=",
        "owner": "nixos",
        "repo": "nixpkgs",
        "rev": "94930d463b3c7b50eb6a6a8a25089759a8431f59",
        "type": "github"
      },
      "original": {
        "owner": "nixos",
        "repo": "nixpkgs",
        "type": "github"
      }
    },
    "root": {
      "inputs": {
        "flake-utils": "flake-utils",
        "nixpkgs": "nixpkgs",
        "sm-src": "sm-src"
      }
    },
    "sm-src": {
      "flake": false,
      "locked": {
        "lastModified": 1681763241,
        "narHash": "sha256-5vTxIdDYhnfy73I/okCyNhmaTbfYob+KXTUc8SDQMds=",
        "owner": "snesrev",
        "repo": "sm",
        "rev": "578f90b3cc49557bb70060ad033bb90b8cf8ac50",
        "type": "github"
      },
      "original": {
        "owner": "snesrev",
        "repo": "sm",
        "type": "github"
      }
    },
    "systems": {
      "locked": {
        "lastModified": 1681028828,
        "narHash": "sha256-Vy1rq5AaRuLzOxct8nz4T6wlgyUR7zLU309k9mBC768=",
        "owner": "nix-systems",
        "repo": "default",
        "rev": "da67096a3b9bf56a91d16901293e51ba5b49a27e",
        "type": "github"
      },
      "original": {
        "owner": "nix-systems",
        "repo": "default",
        "type": "github"
      }
    }
  },
  "root": "root",
  "version": 7
}
