{
  "nodes": {
    "corsixth-src": {
      "flake": false,
      "locked": {
        "lastModified": 1786534626,
        "narHash": "sha256-yV/Se2BD3xfqYBKQXK3nTXDI+j4xr28mkypBxY4y0kM=",
        "owner": "CorsixTH",
        "repo": "CorsixTH",
        "rev": "3aa4adae516aaa186b3605d223130765e9366f1e",
        "type": "github"
      },
      "original": {
        "owner": "CorsixTH",
        "repo": "CorsixTH",
        "type": "github"
      }
    },
    "flake-utils": {
      "inputs": {
        "systems": "systems"
      },
      "locked": {
        "lastModified": 1731533236,
        "narHash": "sha256-l0KFg5HjrsfsO/JpG+r7fRrqm12kzFHyUHqHCVpMMbI=",
        "owner": "numtide",
        "repo": "flake-utils",
        "rev": "11707dc2f618dd54ca8739b309ec4fc024de578b",
        "type": "github"
      },
      "original": {
        "owner": "numtide",
        "repo": "flake-utils",
        "type": "github"
      }
    },
    "nixpkgs": {
      "locked": {
        "lastModified": 1786598068,
        "narHash": "sha256-aijuoRVJOcl6ffSivh4w1+pA/tGqrFd6sZWxojrbw2k=",
        "owner": "nixos",
        "repo": "nixpkgs",
        "rev": "1d2bd5d4cbb7d42f10c32e9e70abad34f08a0d05",
        "type": "github"
      },
      "original": {
        "owner": "nixos",
        "repo": "nixpkgs",
        "type": "github"
      }
    },
    "root": {
      "inputs": {
        "corsixth-src": "corsixth-src",
        "flake-utils": "flake-utils",
        "nixpkgs": "nixpkgs"
      }
    },
    "systems": {
      "locked": {
        "lastModified": 1681028828,
        "narHash": "sha256-Vy1rq5AaRuLzOxct8nz4T6wlgyUR7zLU309k9mBC768=",
        "owner": "nix-systems",
        "repo": "default",
        "rev": "da67096a3b9bf56a91d16901293e51ba5b49a27e",
        "type": "github"
      },
      "original": {
        "owner": "nix-systems",
        "repo": "default",
        "type": "github"
      }
    }
  },
  "root": "root",
  "version": 7
}
