{
  "nodes": {
    "corsixth-src": {
      "flake": false,
      "locked": {
        "lastModified": 1783734979,
        "narHash": "sha256-aEQ7vnvG9FYv/VfARXYE3DXgzOh2U/tN2ZV9KG+Pu/w=",
        "owner": "CorsixTH",
        "repo": "CorsixTH",
        "rev": "f39f80140caa9b4b2d38c27cfe651b34eab5ad8e",
        "type": "github"
      },
      "original": {
        "owner": "CorsixTH",
        "repo": "CorsixTH",
        "type": "github"
      }
    },
    "flake-utils": {
      "inputs": {
        "systems": "systems"
      },
      "locked": {
        "lastModified": 1731533236,
        "narHash": "sha256-l0KFg5HjrsfsO/JpG+r7fRrqm12kzFHyUHqHCVpMMbI=",
        "owner": "numtide",
        "repo": "flake-utils",
        "rev": "11707dc2f618dd54ca8739b309ec4fc024de578b",
        "type": "github"
      },
      "original": {
        "owner": "numtide",
        "repo": "flake-utils",
        "type": "github"
      }
    },
    "nixpkgs": {
      "locked": {
        "lastModified": 1783944444,
        "narHash": "sha256-/uNlW79ktdFQWgFDnLaK7YhBkZPO+Zsf7dflm1ZhTaY=",
        "owner": "nixos",
        "repo": "nixpkgs",
        "rev": "4a454c41b6bf25ded64e16f32fe0934ada4ee256",
        "type": "github"
      },
      "original": {
        "owner": "nixos",
        "repo": "nixpkgs",
        "type": "github"
      }
    },
    "root": {
      "inputs": {
        "corsixth-src": "corsixth-src",
        "flake-utils": "flake-utils",
        "nixpkgs": "nixpkgs"
      }
    },
    "systems": {
      "locked": {
        "lastModified": 1681028828,
        "narHash": "sha256-Vy1rq5AaRuLzOxct8nz4T6wlgyUR7zLU309k9mBC768=",
        "owner": "nix-systems",
        "repo": "default",
        "rev": "da67096a3b9bf56a91d16901293e51ba5b49a27e",
        "type": "github"
      },
      "original": {
        "owner": "nix-systems",
        "repo": "default",
        "type": "github"
      }
    }
  },
  "root": "root",
  "version": 7
}
